{
  "meteor": {},
  "dependencies": {
    "basePackages": {
      "jade": {},
      "iron-router": {},
      "bootstrap3-less": {},
      "handlebar-helpers": {},
      "spin": {},
      "collection2": {},
      "autoform": {},
      "jquery-ui-sortable": {},
      "jqBootstrapValidation": {}
    },
    "packages": {
      "jade": {
        "git": "https://github.com/mquandalle/meteor-jade.git",
        "tag": "v0.2.1",
        "commit": "969fc3dd0adbb15304e3e13c3e27260398d89503"
      },
      "iron-router": {
        "git": "https://github.com/EventedMind/iron-router.git",
        "tag": "v0.7.0",
        "commit": "05f34bc48c4cad9fdaa366c1ddcabe6980232ece"
      },
      "bootstrap3-less": {
        "git": "https://github.com/eprochasson/bootstrap3-less",
        "tag": "v0.1.9",
        "commit": "5c812c4d7ce72917a065f0424c3cf54e5ff2d16a"
      },
      "handlebar-helpers": {
        "git": "https://github.com/raix/Meteor-handlebar-helpers.git",
        "tag": "v0.1.1",
        "commit": "0b407ab65e7c1ebd53d71aef0de2e2c1d21a597c"
      },
      "spin": {
        "git": "https://github.com/SachaG/meteor-spin.git",
        "tag": "v0.2.2",
        "commit": "3f655f0016228e4195acc784c45d3e3a247dc39f"
      },
      "collection2": {
        "git": "https://github.com/aldeed/meteor-collection2.git",
        "tag": "v0.3.11",
        "commit": "7e970671305657678e8508d8107d5e6c5e158559"
      },
      "autoform": {
        "git": "https://github.com/aldeed/meteor-autoform.git",
        "tag": "v0.6.0",
        "commit": "f840f785d64c76738a8f78633b0c680866af499d"
      },
      "jquery-ui-sortable": {
        "git": "https://github.com/rgm/meteor-jquery-ui-sortable.git",
        "tag": "v1.10.3",
        "commit": "4423bd4b28cd81df91400a6bcb2a3d82e72894dc"
      },
      "jqBootstrapValidation": {
        "git": "https://github.com/wahyuaw/meteor-jqBootstrapValidation.git",
        "tag": "v0.0.1",
        "commit": "66a91f82b8a8a955e639357ebf895f3256f0df16"
      },
      "blaze-layout": {
        "git": "https://github.com/EventedMind/blaze-layout.git",
        "tag": "v0.2.2",
        "commit": "8bc53798fe5965669ae67c72f91829fcfdceabfd"
      },
      "simple-schema": {
        "git": "https://github.com/aldeed/meteor-simple-schema.git",
        "tag": "v0.2.46",
        "commit": "30b5d3e08433fbbfe49f09845559bf3ca0ab9101"
      },
      "moment": {
        "git": "https://github.com/acreeger/meteor-moment.git",
        "tag": "v2.5.1",
        "commit": "8c9bc5d3fc96705057737cb9743d555417f6e551"
      }
    }
  }
}
